// !$*UTF8*$!
{
	archiveVersion = 1;
	classes = {
	};
	objectVersion = 77;
	objects = {

/* Begin PBXBuildFile section */
		981389102F87D5ED009F8F28 /* USBDriverKit.framework in Frameworks */ = {isa = PBXBuildFile; fileRef = 9813890F2F87D5ED009F8F28 /* USBDriverKit.framework */; };
		981389142F87D60D009F8F28 /* DriverKit.framework in Frameworks */ = {isa = PBXBuildFile; fileRef = 981389132F87D60D009F8F28 /* DriverKit.framework */; };
		AA000001AABBCC00009F8F28 /* dev.sh1ma.wanimochi-tv.dext in Embed System Extensions */ = {isa = PBXBuildFile; fileRef = 981388942F87D450009F8F28 /* dev.sh1ma.wanimochi-tv.dext */; settings = {ATTRIBUTES = (RemoveHeadersOnCopy, ); }; };
/* End PBXBuildFile section */

/* Begin PBXContainerItemProxy section */
		AA000010AABBCC00009F8F28 /* PBXContainerItemProxy */ = {
			isa = PBXContainerItemProxy;
			containerPortal = 9813888B2F87D450009F8F28 /* Project object */;
			proxyType = 1;
			remoteGlobalIDString = 981388932F87D450009F8F28;
			remoteInfo = "wanimochi-tv";
		};
/* End PBXContainerItemProxy section */

/* Begin PBXCopyFilesBuildPhase section */
		AA000020AABBCC00009F8F28 /* Embed System Extensions */ = {
			isa = PBXCopyFilesBuildPhase;
			buildActionMask = 2147483647;
			dstPath = "$(SYSTEM_EXTENSIONS_FOLDER_PATH)";
			dstSubfolderSpec = 16;
			files = (
				AA000001AABBCC00009F8F28 /* dev.sh1ma.wanimochi-tv.dext in Embed System Extensions */,
			);
			name = "Embed System Extensions";
			runOnlyForDeploymentPostprocessing = 0;
		};
/* End PBXCopyFilesBuildPhase section */

/* Begin PBXFileReference section */
		981388942F87D450009F8F28 /* dev.sh1ma.wanimochi-tv.dext */ = {isa = PBXFileReference; explicitFileType = "wrapper.driver-extension"; includeInIndex = 0; path = "dev.sh1ma.wanimochi-tv.dext"; sourceTree = BUILT_PRODUCTS_DIR; };
		9813890F2F87D5ED009F8F28 /* USBDriverKit.framework */ = {isa = PBXFileReference; lastKnownFileType = wrapper.framework; name = USBDriverKit.framework; path = System/DriverKit/System/Library/Frameworks/USBDriverKit.framework; sourceTree = SDKROOT; };
		981389132F87D60D009F8F28 /* DriverKit.framework */ = {isa = PBXFileReference; lastKnownFileType = wrapper.framework; name = DriverKit.framework; path = System/DriverKit/System/Library/Frameworks/DriverKit.framework; sourceTree = SDKROOT; };
		AA000002AABBCC00009F8F28 /* WanimochiTV.app */ = {isa = PBXFileReference; explicitFileType = wrapper.application; includeInIndex = 0; path = WanimochiTV.app; sourceTree = BUILT_PRODUCTS_DIR; };
/* End PBXFileReference section */

/* Begin PBXFileSystemSynchronizedBuildFileExceptionSet section */
		9813889F2F87D450009F8F28 /* Exceptions for "wanimochi-tv" folder in "wanimochi-tv" target */ = {
			isa = PBXFileSystemSynchronizedBuildFileExceptionSet;
			membershipExceptions = (
				Info.plist,
			);
			target = 981388932F87D450009F8F28 /* wanimochi-tv */;
		};
		AA000030AABBCC00009F8F28 /* Exceptions for "WanimochiTV" folder in "WanimochiTV" target */ = {
			isa = PBXFileSystemSynchronizedBuildFileExceptionSet;
			membershipExceptions = (
				Entitlements.plist,
				Info.plist,
			);
			target = AA000003AABBCC00009F8F28 /* WanimochiTV */;
		};
/* End PBXFileSystemSynchronizedBuildFileExceptionSet section */

/* Begin PBXFileSystemSynchronizedRootGroup section */
		981388992F87D450009F8F28 /* wanimochi-tv */ = {
			isa = PBXFileSystemSynchronizedRootGroup;
			exceptions = (
				9813889F2F87D450009F8F28 /* Exceptions for "wanimochi-tv" folder in "wanimochi-tv" target */,
			);
			path = "wanimochi-tv";
			sourceTree = "<group>";
		};
		AA000031AABBCC00009F8F28 /* WanimochiTV */ = {
			isa = PBXFileSystemSynchronizedRootGroup;
			exceptions = (
				AA000030AABBCC00009F8F28 /* Exceptions for "WanimochiTV" folder in "WanimochiTV" target */,
			);
			path = WanimochiTV;
			sourceTree = "<group>";
		};
/* End PBXFileSystemSynchronizedRootGroup section */

/* Begin PBXFrameworksBuildPhase section */
		981388912F87D450009F8F28 /* Frameworks */ = {
			isa = PBXFrameworksBuildPhase;
			buildActionMask = 2147483647;
			files = (
				981389142F87D60D009F8F28 /* DriverKit.framework in Frameworks */,
				981389102F87D5ED009F8F28 /* USBDriverKit.framework in Frameworks */,
			);
			runOnlyForDeploymentPostprocessing = 0;
		};
		AA000004AABBCC00009F8F28 /* Frameworks */ = {
			isa = PBXFrameworksBuildPhase;
			buildActionMask = 2147483647;
			files = (
			);
			runOnlyForDeploymentPostprocessing = 0;
		};
/* End PBXFrameworksBuildPhase section */

/* Begin PBXGroup section */
		9813888A2F87D450009F8F28 = {
			isa = PBXGroup;
			children = (
				981388992F87D450009F8F28 /* wanimochi-tv */,
				AA000031AABBCC00009F8F28 /* WanimochiTV */,
				981388962F87D450009F8F28 /* Frameworks */,
				981388952F87D450009F8F28 /* Products */,
			);
			sourceTree = "<group>";
		};
		981388952F87D450009F8F28 /* Products */ = {
			isa = PBXGroup;
			children = (
				981388942F87D450009F8F28 /* dev.sh1ma.wanimochi-tv.dext */,
				AA000002AABBCC00009F8F28 /* WanimochiTV.app */,
			);
			name = Products;
			sourceTree = "<group>";
		};
		981388962F87D450009F8F28 /* Frameworks */ = {
			isa = PBXGroup;
			children = (
				981389132F87D60D009F8F28 /* DriverKit.framework */,
				9813890F2F87D5ED009F8F28 /* USBDriverKit.framework */,
			);
			name = Frameworks;
			sourceTree = "<group>";
		};
/* End PBXGroup section */

/* Begin PBXHeadersBuildPhase section */
		9813888F2F87D450009F8F28 /* Headers */ = {
			isa = PBXHeadersBuildPhase;
			buildActionMask = 2147483647;
			files = (
			);
			runOnlyForDeploymentPostprocessing = 0;
		};
/* End PBXHeadersBuildPhase section */

/* Begin PBXNativeTarget section */
		981388932F87D450009F8F28 /* wanimochi-tv */ = {
			isa = PBXNativeTarget;
			buildConfigurationList = 981388A02F87D450009F8F28 /* Build configuration list for PBXNativeTarget "wanimochi-tv" */;
			buildPhases = (
				9813888F2F87D450009F8F28 /* Headers */,
				981388902F87D450009F8F28 /* Sources */,
				981388912F87D450009F8F28 /* Frameworks */,
				981388922F87D450009F8F28 /* Resources */,
			);
			buildRules = (
			);
			dependencies = (
			);
			fileSystemSynchronizedGroups = (
				981388992F87D450009F8F28 /* wanimochi-tv */,
			);
			name = "wanimochi-tv";
			packageProductDependencies = (
			);
			productName = "wanimochi-tv";
			productReference = 981388942F87D450009F8F28 /* dev.sh1ma.wanimochi-tv.dext */;
			productType = "com.apple.product-type.driver-extension";
		};
		AA000003AABBCC00009F8F28 /* WanimochiTV */ = {
			isa = PBXNativeTarget;
			buildConfigurationList = AA000040AABBCC00009F8F28 /* Build configuration list for PBXNativeTarget "WanimochiTV" */;
			buildPhases = (
				AA000005AABBCC00009F8F28 /* Sources */,
				AA000004AABBCC00009F8F28 /* Frameworks */,
				AA000006AABBCC00009F8F28 /* Resources */,
				AA000020AABBCC00009F8F28 /* Embed System Extensions */,
			);
			buildRules = (
			);
			dependencies = (
				AA000011AABBCC00009F8F28 /* PBXTargetDependency */,
			);
			fileSystemSynchronizedGroups = (
				AA000031AABBCC00009F8F28 /* WanimochiTV */,
			);
			name = WanimochiTV;
			packageProductDependencies = (
			);
			productName = WanimochiTV;
			productReference = AA000002AABBCC00009F8F28 /* WanimochiTV.app */;
			productType = "com.apple.product-type.application";
		};
/* End PBXNativeTarget section */

/* Begin PBXProject section */
		9813888B2F87D450009F8F28 /* Project object */ = {
			isa = PBXProject;
			attributes = {
				BuildIndependentTargetsInParallel = 1;
				LastUpgradeCheck = 2600;
				TargetAttributes = {
					981388932F87D450009F8F28 = {
						CreatedOnToolsVersion = 26.0.1;
					};
					AA000003AABBCC00009F8F28 = {
						CreatedOnToolsVersion = 26.0.1;
					};
				};
			};
			buildConfigurationList = 9813888E2F87D450009F8F28 /* Build configuration list for PBXProject "wanimochi-tv" */;
			developmentRegion = en;
			hasScannedForEncodings = 0;
			knownRegions = (
				en,
				Base,
			);
			mainGroup = 9813888A2F87D450009F8F28;
			minimizedProjectReferenceProxies = 1;
			preferredProjectObjectVersion = 77;
			productRefGroup = 981388952F87D450009F8F28 /* Products */;
			projectDirPath = "";
			projectRoot = "";
			targets = (
				981388932F87D450009F8F28 /* wanimochi-tv */,
				AA000003AABBCC00009F8F28 /* WanimochiTV */,
			);
		};
/* End PBXProject section */

/* Begin PBXResourcesBuildPhase section */
		981388922F87D450009F8F28 /* Resources */ = {
			isa = PBXResourcesBuildPhase;
			buildActionMask = 2147483647;
			files = (
			);
			runOnlyForDeploymentPostprocessing = 0;
		};
		AA000006AABBCC00009F8F28 /* Resources */ = {
			isa = PBXResourcesBuildPhase;
			buildActionMask = 2147483647;
			files = (
			);
			runOnlyForDeploymentPostprocessing = 0;
		};
/* End PBXResourcesBuildPhase section */

/* Begin PBXSourcesBuildPhase section */
		981388902F87D450009F8F28 /* Sources */ = {
			isa = PBXSourcesBuildPhase;
			buildActionMask = 2147483647;
			files = (
			);
			runOnlyForDeploymentPostprocessing = 0;
		};
		AA000005AABBCC00009F8F28 /* Sources */ = {
			isa = PBXSourcesBuildPhase;
			buildActionMask = 2147483647;
			files = (
			);
			runOnlyForDeploymentPostprocessing = 0;
		};
/* End PBXSourcesBuildPhase section */

/* Begin PBXTargetDependency section */
		AA000011AABBCC00009F8F28 /* PBXTargetDependency */ = {
			isa = PBXTargetDependency;
			target = 981388932F87D450009F8F28 /* wanimochi-tv */;
			targetProxy = AA000010AABBCC00009F8F28 /* PBXContainerItemProxy */;
		};
/* End PBXTargetDependency section */

/* Begin XCBuildConfiguration section */
		981388A12F87D450009F8F28 /* Debug */ = {
			isa = XCBuildConfiguration;
			buildSettings = {
				CODE_SIGNING_REQUIRED = NO;
				"CODE_SIGN_ENTITLEMENTS[sdk=*]" = "wanimochi-tv/wanimochi_tv.entitlements";
				CODE_SIGN_IDENTITY = "Apple Development";
				CODE_SIGN_STYLE = Automatic;
				CURRENT_PROJECT_VERSION = 1;
				DEVELOPMENT_TEAM = EW3VRT7F7F;
				FRAMEWORK_SEARCH_PATHS = (
					"$(inherited)",
					"$(SDKROOT)/System/DriverKit/System/Library/Frameworks",
				);
				GENERATE_INFOPLIST_FILE = YES;
				INFOPLIST_FILE = "wanimochi-tv/Info.plist";
				MARKETING_VERSION = 1.0;
				PRODUCT_BUNDLE_IDENTIFIER = "dev.sh1ma.wanimochi-tv";
				PRODUCT_NAME = "$(inherited)";
				PROVISIONING_PROFILE_SPECIFIER = "";
				RUN_CLANG_STATIC_ANALYZER = YES;
				SKIP_INSTALL = YES;
				STRING_CATALOG_GENERATE_SYMBOLS = YES;
				SWIFT_EMIT_LOC_STRINGS = YES;
			};
			name = Debug;
		};
		981388A22F87D450009F8F28 /* Release */ = {
			isa = XCBuildConfiguration;
			buildSettings = {
				CODE_SIGNING_REQUIRED = NO;
				"CODE_SIGN_ENTITLEMENTS[sdk=*]" = "wanimochi-tv/wanimochi_tv.entitlements";
				CODE_SIGN_IDENTITY = "Apple Development";
				CODE_SIGN_STYLE = Automatic;
				CURRENT_PROJECT_VERSION = 1;
				DEVELOPMENT_TEAM = EW3VRT7F7F;
				FRAMEWORK_SEARCH_PATHS = (
					"$(inherited)",
					"$(SDKROOT)/System/DriverKit/System/Library/Frameworks",
				);
				GENERATE_INFOPLIST_FILE = YES;
				INFOPLIST_FILE = "wanimochi-tv/Info.plist";
				MARKETING_VERSION = 1.0;
				PRODUCT_BUNDLE_IDENTIFIER = "dev.sh1ma.wanimochi-tv";
				PRODUCT_NAME = "$(inherited)";
				PROVISIONING_PROFILE_SPECIFIER = "";
				RUN_CLANG_STATIC_ANALYZER = YES;
				SKIP_INSTALL = YES;
				STRING_CATALOG_GENERATE_SYMBOLS = YES;
				SWIFT_EMIT_LOC_STRINGS = YES;
			};
			name = Release;
		};
		981388A32F87D450009F8F28 /* Debug */ = {
			isa = XCBuildConfiguration;
			buildSettings = {
				ALWAYS_SEARCH_USER_PATHS = NO;
				ASSETCATALOG_COMPILER_GENERATE_SWIFT_ASSET_SYMBOL_EXTENSIONS = YES;
				CLANG_ANALYZER_NONNULL = YES;
				CLANG_ANALYZER_NUMBER_OBJECT_CONVERSION = YES_AGGRESSIVE;
				CLANG_CXX_LANGUAGE_STANDARD = "gnu++20";
				CLANG_ENABLE_MODULES = YES;
				CLANG_ENABLE_OBJC_ARC = YES;
				CLANG_ENABLE_OBJC_WEAK = YES;
				CLANG_WARN_BLOCK_CAPTURE_AUTORELEASING = YES;
				CLANG_WARN_BOOL_CONVERSION = YES;
				CLANG_WARN_COMMA = YES;
				CLANG_WARN_CONSTANT_CONVERSION = YES;
				CLANG_WARN_DEPRECATED_OBJC_IMPLEMENTATIONS = YES;
				CLANG_WARN_DIRECT_OBJC_ISA_USAGE = YES_ERROR;
				CLANG_WARN_DOCUMENTATION_COMMENTS = YES;
				CLANG_WARN_EMPTY_BODY = YES;
				CLANG_WARN_ENUM_CONVERSION = YES;
				CLANG_WARN_INFINITE_RECURSION = YES;
				CLANG_WARN_INT_CONVERSION = YES;
				CLANG_WARN_NON_LITERAL_NULL_CONVERSION = YES;
				CLANG_WARN_OBJC_IMPLICIT_RETAIN_SELF = YES;
				CLANG_WARN_OBJC_LITERAL_CONVERSION = YES;
				CLANG_WARN_OBJC_ROOT_CLASS = YES_ERROR;
				CLANG_WARN_QUOTED_INCLUDE_IN_FRAMEWORK_HEADER = YES;
				CLANG_WARN_RANGE_LOOP_ANALYSIS = YES;
				CLANG_WARN_STRICT_PROTOTYPES = YES;
				CLANG_WARN_SUSPICIOUS_MOVE = YES;
				CLANG_WARN_UNGUARDED_AVAILABILITY = YES_AGGRESSIVE;
				CLANG_WARN_UNREACHABLE_CODE = YES;
				CLANG_WARN__DUPLICATE_METHOD_MATCH = YES;
				COPY_PHASE_STRIP = NO;
				DEBUG_INFORMATION_FORMAT = dwarf;
				DEVELOPMENT_TEAM = EW3VRT7F7F;
				DRIVERKIT_DEPLOYMENT_TARGET = 25.0;
				ENABLE_STRICT_OBJC_MSGSEND = YES;
				ENABLE_TESTABILITY = YES;
				ENABLE_USER_SCRIPT_SANDBOXING = YES;
				GCC_C_LANGUAGE_STANDARD = gnu17;
				GCC_DYNAMIC_NO_PIC = NO;
				GCC_NO_COMMON_BLOCKS = YES;
				GCC_OPTIMIZATION_LEVEL = 0;
				GCC_PREPROCESSOR_DEFINITIONS = (
					"DEBUG=1",
					"$(inherited)",
				);
				GCC_WARN_64_TO_32_BIT_CONVERSION = YES;
				GCC_WARN_ABOUT_RETURN_TYPE = YES_ERROR;
				GCC_WARN_UNDECLARED_SELECTOR = YES;
				GCC_WARN_UNINITIALIZED_AUTOS = YES_AGGRESSIVE;
				GCC_WARN_UNUSED_FUNCTION = YES;
				GCC_WARN_UNUSED_VARIABLE = YES;
				LOCALIZATION_PREFERS_STRING_CATALOGS = YES;
				MTL_ENABLE_DEBUG_INFO = INCLUDE_SOURCE;
				MTL_FAST_MATH = YES;
				ONLY_ACTIVE_ARCH = YES;
				SDKROOT = driverkit;
			};
			name = Debug;
		};
		981388A42F87D450009F8F28 /* Release */ = {
			isa = XCBuildConfiguration;
			buildSettings = {
				ALWAYS_SEARCH_USER_PATHS = NO;
				ASSETCATALOG_COMPILER_GENERATE_SWIFT_ASSET_SYMBOL_EXTENSIONS = YES;
				CLANG_ANALYZER_NONNULL = YES;
				CLANG_ANALYZER_NUMBER_OBJECT_CONVERSION = YES_AGGRESSIVE;
				CLANG_CXX_LANGUAGE_STANDARD = "gnu++20";
				CLANG_ENABLE_MODULES = YES;
				CLANG_ENABLE_OBJC_ARC = YES;
				CLANG_ENABLE_OBJC_WEAK = YES;
				CLANG_WARN_BLOCK_CAPTURE_AUTORELEASING = YES;
				CLANG_WARN_BOOL_CONVERSION = YES;
				CLANG_WARN_COMMA = YES;
				CLANG_WARN_CONSTANT_CONVERSION = YES;
				CLANG_WARN_DEPRECATED_OBJC_IMPLEMENTATIONS = YES;
				CLANG_WARN_DIRECT_OBJC_ISA_USAGE = YES_ERROR;
				CLANG_WARN_DOCUMENTATION_COMMENTS = YES;
				CLANG_WARN_EMPTY_BODY = YES;
				CLANG_WARN_ENUM_CONVERSION = YES;
				CLANG_WARN_INFINITE_RECURSION = YES;
				CLANG_WARN_INT_CONVERSION = YES;
				CLANG_WARN_NON_LITERAL_NULL_CONVERSION = YES;
				CLANG_WARN_OBJC_IMPLICIT_RETAIN_SELF = YES;
				CLANG_WARN_OBJC_LITERAL_CONVERSION = YES;
				CLANG_WARN_OBJC_ROOT_CLASS = YES_ERROR;
				CLANG_WARN_QUOTED_INCLUDE_IN_FRAMEWORK_HEADER = YES;
				CLANG_WARN_RANGE_LOOP_ANALYSIS = YES;
				CLANG_WARN_STRICT_PROTOTYPES = YES;
				CLANG_WARN_SUSPICIOUS_MOVE = YES;
				CLANG_WARN_UNGUARDED_AVAILABILITY = YES_AGGRESSIVE;
				CLANG_WARN_UNREACHABLE_CODE = YES;
				CLANG_WARN__DUPLICATE_METHOD_MATCH = YES;
				COPY_PHASE_STRIP = NO;
				DEBUG_INFORMATION_FORMAT = "dwarf-with-dsym";
				DEVELOPMENT_TEAM = EW3VRT7F7F;
				DRIVERKIT_DEPLOYMENT_TARGET = 25.0;
				ENABLE_NS_ASSERTIONS = NO;
				ENABLE_STRICT_OBJC_MSGSEND = YES;
				ENABLE_USER_SCRIPT_SANDBOXING = YES;
				GCC_C_LANGUAGE_STANDARD = gnu17;
				GCC_NO_COMMON_BLOCKS = YES;
				GCC_WARN_64_TO_32_BIT_CONVERSION = YES;
				GCC_WARN_ABOUT_RETURN_TYPE = YES_ERROR;
				GCC_WARN_UNDECLARED_SELECTOR = YES;
				GCC_WARN_UNINITIALIZED_AUTOS = YES_AGGRESSIVE;
				GCC_WARN_UNUSED_FUNCTION = YES;
				GCC_WARN_UNUSED_VARIABLE = YES;
				LOCALIZATION_PREFERS_STRING_CATALOGS = YES;
				MTL_ENABLE_DEBUG_INFO = NO;
				MTL_FAST_MATH = YES;
				SDKROOT = driverkit;
			};
			name = Release;
		};
		AA000041AABBCC00009F8F28 /* Debug */ = {
			isa = XCBuildConfiguration;
			buildSettings = {
				ASSETCATALOG_COMPILER_APPICON_NAME = AppIcon;
				ASSETCATALOG_COMPILER_GLOBAL_ACCENT_COLOR_NAME = AccentColor;
				CODE_SIGN_ENTITLEMENTS = WanimochiTV/Entitlements.plist;
				CODE_SIGN_IDENTITY = "Apple Development";
				CODE_SIGN_STYLE = Automatic;
				COMBINE_HIDPI_IMAGES = YES;
				CURRENT_PROJECT_VERSION = 1;
				DEVELOPMENT_TEAM = EW3VRT7F7F;
				GENERATE_INFOPLIST_FILE = YES;
				INFOPLIST_FILE = WanimochiTV/Info.plist;
				INFOPLIST_KEY_NSHumanReadableCopyright = "";
				LD_RUNPATH_SEARCH_PATHS = (
					"$(inherited)",
					"@executable_path/../Frameworks",
				);
				MACOSX_DEPLOYMENT_TARGET = 15.0;
				MARKETING_VERSION = 1.0;
				PRODUCT_BUNDLE_IDENTIFIER = "dev.sh1ma.wanimochi-tv.app";
				PRODUCT_NAME = "$(TARGET_NAME)";
				PROVISIONING_PROFILE_SPECIFIER = "";
				SDKROOT = macosx;
				SWIFT_EMIT_LOC_STRINGS = YES;
				SWIFT_OBJC_BRIDGING_HEADER = "WanimochiTV/Bridging-Header.h";
				SWIFT_VERSION = 6.0;
				SYSTEM_EXTENSION_API_ENABLED = YES;
			};
			name = Debug;
		};
		AA000042AABBCC00009F8F28 /* Release */ = {
			isa = XCBuildConfiguration;
			buildSettings = {
				ASSETCATALOG_COMPILER_APPICON_NAME = AppIcon;
				ASSETCATALOG_COMPILER_GLOBAL_ACCENT_COLOR_NAME = AccentColor;
				CODE_SIGN_ENTITLEMENTS = WanimochiTV/Entitlements.plist;
				CODE_SIGN_IDENTITY = "Apple Development";
				CODE_SIGN_STYLE = Automatic;
				COMBINE_HIDPI_IMAGES = YES;
				CURRENT_PROJECT_VERSION = 1;
				DEVELOPMENT_TEAM = EW3VRT7F7F;
				GENERATE_INFOPLIST_FILE = YES;
				INFOPLIST_FILE = WanimochiTV/Info.plist;
				INFOPLIST_KEY_NSHumanReadableCopyright = "";
				LD_RUNPATH_SEARCH_PATHS = (
					"$(inherited)",
					"@executable_path/../Frameworks",
				);
				MACOSX_DEPLOYMENT_TARGET = 15.0;
				MARKETING_VERSION = 1.0;
				PRODUCT_BUNDLE_IDENTIFIER = "dev.sh1ma.wanimochi-tv.app";
				PRODUCT_NAME = "$(TARGET_NAME)";
				PROVISIONING_PROFILE_SPECIFIER = "";
				SDKROOT = macosx;
				SWIFT_EMIT_LOC_STRINGS = YES;
				SWIFT_OBJC_BRIDGING_HEADER = "WanimochiTV/Bridging-Header.h";
				SWIFT_VERSION = 6.0;
				SYSTEM_EXTENSION_API_ENABLED = YES;
			};
			name = Release;
		};
/* End XCBuildConfiguration section */

/* Begin XCConfigurationList section */
		9813888E2F87D450009F8F28 /* Build configuration list for PBXProject "wanimochi-tv" */ = {
			isa = XCConfigurationList;
			buildConfigurations = (
				981388A32F87D450009F8F28 /* Debug */,
				981388A42F87D450009F8F28 /* Release */,
			);
			defaultConfigurationIsVisible = 0;
			defaultConfigurationName = Release;
		};
		981388A02F87D450009F8F28 /* Build configuration list for PBXNativeTarget "wanimochi-tv" */ = {
			isa = XCConfigurationList;
			buildConfigurations = (
				981388A12F87D450009F8F28 /* Debug */,
				981388A22F87D450009F8F28 /* Release */,
			);
			defaultConfigurationIsVisible = 0;
			defaultConfigurationName = Release;
		};
		AA000040AABBCC00009F8F28 /* Build configuration list for PBXNativeTarget "WanimochiTV" */ = {
			isa = XCConfigurationList;
			buildConfigurations = (
				AA000041AABBCC00009F8F28 /* Debug */,
				AA000042AABBCC00009F8F28 /* Release */,
			);
			defaultConfigurationIsVisible = 0;
			defaultConfigurationName = Release;
		};
/* End XCConfigurationList section */
	};
	rootObject = 9813888B2F87D450009F8F28 /* Project object */;
}
